
Microsoft Visual Studio Solution File, Format Version 12.00
# Visual Studio 2015
Project("{FAE04EC0-301F-11D3-BF4B-00C04F79EFBC}") = "kinect+unity.Plugins", "kinect+unity.Plugins.csproj", "{D08AAD89-D6AD-1480-87F8-6BC682922527}"
EndProject
Project("{FAE04EC0-301F-11D3-BF4B-00C04F79EFBC}") = "kinect+unity", "kinect+unity.csproj", "{242B3AD7-3DBE-62E6-797C-EC9BAC2A93EA}"
EndProject
Global
	GlobalSection(SolutionConfigurationPlatforms) = preSolution
		Debug|Any CPU = Debug|Any CPU
		Release|Any CPU = Release|Any CPU
	EndGlobalSection
	GlobalSection(ProjectConfigurationPlatforms) = postSolution
		{D08AAD89-D6AD-1480-87F8-6BC682922527}.Debug|Any CPU.ActiveCfg = Debug|Any CPU
		{D08AAD89-D6AD-1480-87F8-6BC682922527}.Debug|Any CPU.Build.0 = Debug|Any CPU
		{D08AAD89-D6AD-1480-87F8-6BC682922527}.Release|Any CPU.ActiveCfg = Release|Any CPU
		{D08AAD89-D6AD-1480-87F8-6BC682922527}.Release|Any CPU.Build.0 = Release|Any CPU
		{242B3AD7-3DBE-62E6-797C-EC9BAC2A93EA}.Debug|Any CPU.ActiveCfg = Debug|Any CPU
		{242B3AD7-3DBE-62E6-797C-EC9BAC2A93EA}.Debug|Any CPU.Build.0 = Debug|Any CPU
		{242B3AD7-3DBE-62E6-797C-EC9BAC2A93EA}.Release|Any CPU.ActiveCfg = Release|Any CPU
		{242B3AD7-3DBE-62E6-797C-EC9BAC2A93EA}.Release|Any CPU.Build.0 = Release|Any CPU
	EndGlobalSection
	GlobalSection(SolutionProperties) = preSolution
		HideSolutionNode = FALSE
	EndGlobalSection
EndGlobal
